# Generated by pub
# See https://dart.dev/tools/pub/glossary#lockfile
packages:
  archive:
    dependency: transitive
    description:
      name: archive
      url: "https://pub.dartlang.org"
    source: hosted
    version: "3.3.7"
  args:
    dependency: transitive
    description:
      name: args
      url: "https://pub.dartlang.org"
    source: hosted
    version: "2.4.1"
  async:
    dependency: transitive
    description:
      name: async
      url: "https://pub.dartlang.org"
    source: hosted
    version: "2.9.0"
  barcode:
    dependency: transitive
    description:
      name: barcode
      url: "https://pub.dartlang.org"
    source: hosted
    version: "2.2.4"
  barcode_widget:
    dependency: "direct main"
    description:
      name: barcode_widget
      url: "https://pub.dartlang.org"
    source: hosted
    version: "2.0.4"
  boolean_selector:
    dependency: transitive
    description:
      name: boolean_selector
      url: "https://pub.dartlang.org"
    source: hosted
    version: "2.1.0"
  carousel_slider:
    dependency: "direct main"
    description:
      name: carousel_slider
      url: "https://pub.dartlang.org"
    source: hosted
    version: "4.2.1"
  cbor:
    dependency: "direct main"
    description:
      name: cbor
      url: "https://pub.dartlang.org"
    source: hosted
    version: "4.1.0"
  characters:
    dependency: transitive
    description:
      name: characters
      url: "https://pub.dartlang.org"
    source: hosted
    version: "1.2.1"
  clock:
    dependency: transitive
    description:
      name: clock
      url: "https://pub.dartlang.org"
    source: hosted
    version: "1.1.1"
  collection:
    dependency: transitive
    description:
      name: collection
      url: "https://pub.dartlang.org"
    source: hosted
    version: "1.16.0"
  convert:
    dependency: transitive
    description:
      name: convert
      url: "https://pub.dartlang.org"
    source: hosted
    version: "3.1.1"
  cross_file:
    dependency: transitive
    description:
      name: cross_file
      url: "https://pub.dartlang.org"
    source: hosted
    version: "0.3.3+4"
  crypto:
    dependency: transitive
    description:
      name: crypto
      url: "https://pub.dartlang.org"
    source: hosted
    version: "3.0.2"
  cupertino_icons:
    dependency: "direct main"
    description:
      name: cupertino_icons
      url: "https://pub.dartlang.org"
    source: hosted
    version: "1.0.5"
  dart_base45:
    dependency: "direct main"
    description:
      name: dart_base45
      url: "https://pub.dartlang.org"
    source: hosted
    version: "1.0.1"
  fake_async:
    dependency: transitive
    description:
      name: fake_async
      url: "https://pub.dartlang.org"
    source: hosted
    version: "1.3.1"
  ffi:
    dependency: transitive
    description:
      name: ffi
      url: "https://pub.dartlang.org"
    source: hosted
    version: "1.2.1"
  file:
    dependency: transitive
    description:
      name: file
      url: "https://pub.dartlang.org"
    source: hosted
    version: "6.1.4"
  file_picker:
    dependency: "direct main"
    description:
      name: file_picker
      url: "https://pub.dartlang.org"
    source: hosted
    version: "4.6.1"
  file_selector_linux:
    dependency: transitive
    description:
      name: file_selector_linux
      url: "https://pub.dartlang.org"
    source: hosted
    version: "0.9.2"
  file_selector_macos:
    dependency: transitive
    description:
      name: file_selector_macos
      url: "https://pub.dartlang.org"
    source: hosted
    version: "0.9.3+1"
  file_selector_platform_interface:
    dependency: transitive
    description:
      name: file_selector_platform_interface
      url: "https://pub.dartlang.org"
    source: hosted
    version: "2.6.0"
  file_selector_windows:
    dependency: transitive
    description:
      name: file_selector_windows
      url: "https://pub.dartlang.org"
    source: hosted
    version: "0.9.3"
  flutter:
    dependency: "direct main"
    description: flutter
    source: sdk
    version: "0.0.0"
  flutter_launcher_icons:
    dependency: "direct dev"
    description:
      name: flutter_launcher_icons
      url: "https://pub.dartlang.org"
    source: hosted
    version: "0.9.3"
  flutter_localizations:
    dependency: "direct main"
    description: flutter
    source: sdk
    version: "0.0.0"
  flutter_plugin_android_lifecycle:
    dependency: transitive
    description:
      name: flutter_plugin_android_lifecycle
      url: "https://pub.dartlang.org"
    source: hosted
    version: "2.0.15"
  flutter_test:
    dependency: "direct dev"
    description: flutter
    source: sdk
    version: "0.0.0"
  flutter_web_plugins:
    dependency: transitive
    description: flutter
    source: sdk
    version: "0.0.0"
  google_mobile_ads:
    dependency: "direct main"
    description:
      name: google_mobile_ads
      url: "https://pub.dartlang.org"
    source: hosted
    version: "1.3.0"
  http:
    dependency: "direct main"
    description:
      name: http
      url: "https://pub.dartlang.org"
    source: hosted
    version: "0.13.5"
  http_parser:
    dependency: transitive
    description:
      name: http_parser
      url: "https://pub.dartlang.org"
    source: hosted
    version: "4.0.2"
  image:
    dependency: transitive
    description:
      name: image
      url: "https://pub.dartlang.org"
    source: hosted
    version: "3.3.0"
  image_picker:
    dependency: "direct main"
    description:
      name: image_picker
      url: "https://pub.dartlang.org"
    source: hosted
    version: "0.8.9"
  image_picker_android:
    dependency: transitive
    description:
      name: image_picker_android
      url: "https://pub.dartlang.org"
    source: hosted
    version: "0.8.7+4"
  image_picker_for_web:
    dependency: transitive
    description:
      name: image_picker_for_web
      url: "https://pub.dartlang.org"
    source: hosted
    version: "2.2.0"
  image_picker_ios:
    dependency: transitive
    description:
      name: image_picker_ios
      url: "https://pub.dartlang.org"
    source: hosted
    version: "0.8.8"
  image_picker_linux:
    dependency: transitive
    description:
      name: image_picker_linux
      url: "https://pub.dartlang.org"
    source: hosted
    version: "0.2.1"
  image_picker_macos:
    dependency: transitive
    description:
      name: image_picker_macos
      url: "https://pub.dartlang.org"
    source: hosted
    version: "0.2.1"
  image_picker_platform_interface:
    dependency: transitive
    description:
      name: image_picker_platform_interface
      url: "https://pub.dartlang.org"
    source: hosted
    version: "2.9.0"
  image_picker_windows:
    dependency: transitive
    description:
      name: image_picker_windows
      url: "https://pub.dartlang.org"
    source: hosted
    version: "0.2.1"
  in_app_purchase:
    dependency: "direct main"
    description:
      name: in_app_purchase
      url: "https://pub.dartlang.org"
    source: hosted
    version: "2.0.1"
  in_app_purchase_android:
    dependency: transitive
    description:
      name: in_app_purchase_android
      url: "https://pub.dartlang.org"
    source: hosted
    version: "0.2.5+4"
  in_app_purchase_platform_interface:
    dependency: transitive
    description:
      name: in_app_purchase_platform_interface
      url: "https://pub.dartlang.org"
    source: hosted
    version: "1.3.4"
  in_app_purchase_storekit:
    dependency: transitive
    description:
      name: in_app_purchase_storekit
      url: "https://pub.dartlang.org"
    source: hosted
    version: "0.2.1"
  intl:
    dependency: "direct main"
    description:
      name: intl
      url: "https://pub.dartlang.org"
    source: hosted
    version: "0.17.0"
  js:
    dependency: transitive
    description:
      name: js
      url: "https://pub.dartlang.org"
    source: hosted
    version: "0.6.4"
  json_annotation:
    dependency: transitive
    description:
      name: json_annotation
      url: "https://pub.dartlang.org"
    source: hosted
    version: "4.8.0"
  matcher:
    dependency: transitive
    description:
      name: matcher
      url: "https://pub.dartlang.org"
    source: hosted
    version: "0.12.12"
  material_color_utilities:
    dependency: transitive
    description:
      name: material_color_utilities
      url: "https://pub.dartlang.org"
    source: hosted
    version: "0.1.5"
  meta:
    dependency: transitive
    description:
      name: meta
      url: "https://pub.dartlang.org"
    source: hosted
    version: "1.8.0"
  mime:
    dependency: transitive
    description:
      name: mime
      url: "https://pub.dartlang.org"
    source: hosted
    version: "1.0.4"
  nested:
    dependency: transitive
    description:
      name: nested
      url: "https://pub.dartlang.org"
    source: hosted
    version: "1.0.0"
  package_info_plus:
    dependency: "direct main"
    description:
      name: package_info_plus
      url: "https://pub.dartlang.org"
    source: hosted
    version: "1.4.2"
  package_info_plus_linux:
    dependency: transitive
    description:
      name: package_info_plus_linux
      url: "https://pub.dartlang.org"
    source: hosted
    version: "1.0.5"
  package_info_plus_macos:
    dependency: transitive
    description:
      name: package_info_plus_macos
      url: "https://pub.dartlang.org"
    source: hosted
    version: "1.3.0"
  package_info_plus_platform_interface:
    dependency: transitive
    description:
      name: package_info_plus_platform_interface
      url: "https://pub.dartlang.org"
    source: hosted
    version: "1.0.2"
  package_info_plus_web:
    dependency: transitive
    description:
      name: package_info_plus_web
      url: "https://pub.dartlang.org"
    source: hosted
    version: "1.0.6"
  package_info_plus_windows:
    dependency: transitive
    description:
      name: package_info_plus_windows
      url: "https://pub.dartlang.org"
    source: hosted
    version: "1.0.5"
  path:
    dependency: transitive
    description:
      name: path
      url: "https://pub.dartlang.org"
    source: hosted
    version: "1.8.2"
  path_parsing:
    dependency: transitive
    description:
      name: path_parsing
      url: "https://pub.dartlang.org"
    source: hosted
    version: "1.0.1"
  path_provider:
    dependency: "direct main"
    description:
      name: path_provider
      url: "https://pub.dartlang.org"
    source: hosted
    version: "2.0.15"
  path_provider_android:
    dependency: transitive
    description:
      name: path_provider_android
      url: "https://pub.dartlang.org"
    source: hosted
    version: "2.1.0"
  path_provider_foundation:
    dependency: transitive
    description:
      name: path_provider_foundation
      url: "https://pub.dartlang.org"
    source: hosted
    version: "2.3.0"
  path_provider_linux:
    dependency: transitive
    description:
      name: path_provider_linux
      url: "https://pub.dartlang.org"
    source: hosted
    version: "2.2.0"
  path_provider_platform_interface:
    dependency: transitive
    description:
      name: path_provider_platform_interface
      url: "https://pub.dartlang.org"
    source: hosted
    version: "2.1.0"
  path_provider_windows:
    dependency: transitive
    description:
      name: path_provider_windows
      url: "https://pub.dartlang.org"
    source: hosted
    version: "2.0.7"
  pdf:
    dependency: transitive
    description:
      name: pdf
      url: "https://pub.dartlang.org"
    source: hosted
    version: "3.8.4"
  petitparser:
    dependency: transitive
    description:
      name: petitparser
      url: "https://pub.dartlang.org"
    source: hosted
    version: "5.1.0"
  platform:
    dependency: transitive
    description:
      name: platform
      url: "https://pub.dartlang.org"
    source: hosted
    version: "3.1.1"
  plugin_platform_interface:
    dependency: transitive
    description:
      name: plugin_platform_interface
      url: "https://pub.dartlang.org"
    source: hosted
    version: "2.1.5"
  pointycastle:
    dependency: "direct main"
    description:
      name: pointycastle
      url: "https://pub.dartlang.org"
    source: hosted
    version: "3.7.3"
  printing:
    dependency: "direct main"
    description:
      name: printing
      url: "https://pub.dartlang.org"
    source: hosted
    version: "5.9.3"
  provider:
    dependency: "direct main"
    description:
      name: provider
      url: "https://pub.dartlang.org"
    source: hosted
    version: "6.0.5"
  qr:
    dependency: transitive
    description:
      name: qr
      url: "https://pub.dartlang.org"
    source: hosted
    version: "3.0.1"
  qr_code_scanner:
    dependency: "direct main"
    description:
      name: qr_code_scanner
      url: "https://pub.dartlang.org"
    source: hosted
    version: "0.6.1"
  qr_code_tools:
    dependency: "direct main"
    description:
      path: "."
      ref: "6a13501596e63bb87144c8832560c660806a3870"
      resolved-ref: "6a13501596e63bb87144c8832560c660806a3870"
      url: "https://github.com/sportalliance/qr_code_tools.git"
    source: git
    version: "0.1.2"
  receive_sharing_intent:
    dependency: "direct main"
    description:
      path: "."
      ref: abedc3d6d5b80df396e9c300fd1a052cbab08827
      resolved-ref: abedc3d6d5b80df396e9c300fd1a052cbab08827
      url: "https://github.com/AyushmanG26/receive_sharing_intent.git"
    source: git
    version: "1.4.5"
  screen_brightness:
    dependency: "direct main"
    description:
      name: screen_brightness
      url: "https://pub.dartlang.org"
    source: hosted
    version: "0.2.2"
  screen_brightness_android:
    dependency: transitive
    description:
      name: screen_brightness_android
      url: "https://pub.dartlang.org"
    source: hosted
    version: "0.1.0+2"
  screen_brightness_ios:
    dependency: transitive
    description:
      name: screen_brightness_ios
      url: "https://pub.dartlang.org"
    source: hosted
    version: "0.1.0"
  screen_brightness_macos:
    dependency: transitive
    description:
      name: screen_brightness_macos
      url: "https://pub.dartlang.org"
    source: hosted
    version: "0.1.0+1"
  screen_brightness_platform_interface:
    dependency: transitive
    description:
      name: screen_brightness_platform_interface
      url: "https://pub.dartlang.org"
    source: hosted
    version: "0.1.0"
  screen_brightness_windows:
    dependency: transitive
    description:
      name: screen_brightness_windows
      url: "https://pub.dartlang.org"
    source: hosted
    version: "0.1.1"
  screenshot:
    dependency: "direct main"
    description:
      name: screenshot
      url: "https://pub.dartlang.org"
    source: hosted
    version: "1.3.0"
  settings_ui:
    dependency: "direct main"
    description:
      name: settings_ui
      url: "https://pub.dartlang.org"
    source: hosted
    version: "2.0.2"
  shared_preferences:
    dependency: "direct main"
    description:
      name: shared_preferences
      url: "https://pub.dartlang.org"
    source: hosted
    version: "2.2.0"
  shared_preferences_android:
    dependency: transitive
    description:
      name: shared_preferences_android
      url: "https://pub.dartlang.org"
    source: hosted
    version: "2.2.0"
  shared_preferences_foundation:
    dependency: transitive
    description:
      name: shared_preferences_foundation
      url: "https://pub.dartlang.org"
    source: hosted
    version: "2.3.3"
  shared_preferences_linux:
    dependency: transitive
    description:
      name: shared_preferences_linux
      url: "https://pub.dartlang.org"
    source: hosted
    version: "2.3.0"
  shared_preferences_platform_interface:
    dependency: transitive
    description:
      name: shared_preferences_platform_interface
      url: "https://pub.dartlang.org"
    source: hosted
    version: "2.3.0"
  shared_preferences_web:
    dependency: transitive
    description:
      name: shared_preferences_web
      url: "https://pub.dartlang.org"
    source: hosted
    version: "2.2.0"
  shared_preferences_windows:
    dependency: transitive
    description:
      name: shared_preferences_windows
      url: "https://pub.dartlang.org"
    source: hosted
    version: "2.3.0"
  sky_engine:
    dependency: transitive
    description: flutter
    source: sdk
    version: "0.0.99"
  source_span:
    dependency: transitive
    description:
      name: source_span
      url: "https://pub.dartlang.org"
    source: hosted
    version: "1.9.0"
  stack_trace:
    dependency: transitive
    description:
      name: stack_trace
      url: "https://pub.dartlang.org"
    source: hosted
    version: "1.10.0"
  stream_channel:
    dependency: transitive
    description:
      name: stream_channel
      url: "https://pub.dartlang.org"
    source: hosted
    version: "2.1.0"
  string_scanner:
    dependency: transitive
    description:
      name: string_scanner
      url: "https://pub.dartlang.org"
    source: hosted
    version: "1.1.1"
  term_glyph:
    dependency: transitive
    description:
      name: term_glyph
      url: "https://pub.dartlang.org"
    source: hosted
    version: "1.2.1"
  test_api:
    dependency: transitive
    description:
      name: test_api
      url: "https://pub.dartlang.org"
    source: hosted
    version: "0.4.12"
  typed_data:
    dependency: transitive
    description:
      name: typed_data
      url: "https://pub.dartlang.org"
    source: hosted
    version: "1.3.2"
  url_launcher:
    dependency: "direct main"
    description:
      name: url_launcher
      url: "https://pub.dartlang.org"
    source: hosted
    version: "6.1.11"
  url_launcher_android:
    dependency: transitive
    description:
      name: url_launcher_android
      url: "https://pub.dartlang.org"
    source: hosted
    version: "6.0.38"
  url_launcher_ios:
    dependency: transitive
    description:
      name: url_launcher_ios
      url: "https://pub.dartlang.org"
    source: hosted
    version: "6.1.4"
  url_launcher_linux:
    dependency: transitive
    description:
      name: url_launcher_linux
      url: "https://pub.dartlang.org"
    source: hosted
    version: "3.0.5"
  url_launcher_macos:
    dependency: transitive
    description:
      name: url_launcher_macos
      url: "https://pub.dartlang.org"
    source: hosted
    version: "3.0.6"
  url_launcher_platform_interface:
    dependency: transitive
    description:
      name: url_launcher_platform_interface
      url: "https://pub.dartlang.org"
    source: hosted
    version: "2.1.3"
  url_launcher_web:
    dependency: transitive
    description:
      name: url_launcher_web
      url: "https://pub.dartlang.org"
    source: hosted
    version: "2.0.18"
  url_launcher_windows:
    dependency: transitive
    description:
      name: url_launcher_windows
      url: "https://pub.dartlang.org"
    source: hosted
    version: "3.0.7"
  vector_math:
    dependency: transitive
    description:
      name: vector_math
      url: "https://pub.dartlang.org"
    source: hosted
    version: "2.1.2"
  win32:
    dependency: transitive
    description:
      name: win32
      url: "https://pub.dartlang.org"
    source: hosted
    version: "2.6.1"
  xdg_directories:
    dependency: transitive
    description:
      name: xdg_directories
      url: "https://pub.dartlang.org"
    source: hosted
    version: "1.0.2"
  xml:
    dependency: transitive
    description:
      name: xml
      url: "https://pub.dartlang.org"
    source: hosted
    version: "6.1.0"
  yaml:
    dependency: transitive
    description:
      name: yaml
      url: "https://pub.dartlang.org"
    source: hosted
    version: "3.1.1"
sdks:
  dart: ">=2.18.5 <3.0.0"
  flutter: ">=3.3.0"
